// !$*UTF8*$!
{
	archiveVersion = 1;
	classes = {
	};
	objectVersion = 56;
	objects = {

/* Begin PBXBuildFile section */
		9622DDCC296C5AF700CFD152 /* AppDelegate.swift in Sources */ = {isa = PBXBuildFile; fileRef = 9622DDCB296C5AF700CFD152 /* AppDelegate.swift */; };
		9622DDD0296C5AF700CFD152 /* LandingVC.swift in Sources */ = {isa = PBXBuildFile; fileRef = 9622DDCF296C5AF700CFD152 /* LandingVC.swift */; };
		9622DDD5296C5AF800CFD152 /* Assets.xcassets in Resources */ = {isa = PBXBuildFile; fileRef = 9622DDD4296C5AF800CFD152 /* Assets.xcassets */; };
		9622DDD8296C5AF800CFD152 /* LaunchScreen.storyboard in Resources */ = {isa = PBXBuildFile; fileRef = 9622DDD6296C5AF800CFD152 /* LaunchScreen.storyboard */; };
		9622DDE0296C5B7000CFD152 /* Landing.storyboard in Resources */ = {isa = PBXBuildFile; fileRef = 9622DDDF296C5B7000CFD152 /* Landing.storyboard */; };
/* End PBXBuildFile section */

/* Begin PBXFileReference section */
		9622DDC8296C5AF700CFD152 /* ThirdHomework.app */ = {isa = PBXFileReference; explicitFileType = wrapper.application; includeInIndex = 0; path = ThirdHomework.app; sourceTree = BUILT_PRODUCTS_DIR; };
		9622DDCB296C5AF700CFD152 /* AppDelegate.swift */ = {isa = PBXFileReference; lastKnownFileType = sourcecode.swift; path = AppDelegate.swift; sourceTree = "<group>"; };
		9622DDCF296C5AF700CFD152 /* LandingVC.swift */ = {isa = PBXFileReference; lastKnownFileType = sourcecode.swift; path = LandingVC.swift; sourceTree = "<group>"; };
		9622DDD4296C5AF800CFD152 /* Assets.xcassets */ = {isa = PBXFileReference; lastKnownFileType = folder.assetcatalog; path = Assets.xcassets; sourceTree = "<group>"; };
		9622DDD7296C5AF800CFD152 /* Base */ = {isa = PBXFileReference; lastKnownFileType = file.storyboard; name = Base; path = Base.lproj/LaunchScreen.storyboard; sourceTree = "<group>"; };
		9622DDD9296C5AF800CFD152 /* Info.plist */ = {isa = PBXFileReference; lastKnownFileType = text.plist.xml; path = Info.plist; sourceTree = "<group>"; };
		9622DDDF296C5B7000CFD152 /* Landing.storyboard */ = {isa = PBXFileReference; lastKnownFileType = file.storyboard; path = Landing.storyboard; sourceTree = "<group>"; };
/* End PBXFileReference section */

/* Begin PBXFrameworksBuildPhase section */
		9622DDC5296C5AF700CFD152 /* Frameworks */ = {
			isa = PBXFrameworksBuildPhase;
			buildActionMask = 2147483647;
			files = (
			);
			runOnlyForDeploymentPostprocessing = 0;
		};
/* End PBXFrameworksBuildPhase section */

/* Begin PBXGroup section */
		9622DDBF296C5AF700CFD152 = {
			isa = PBXGroup;
			children = (
				9622DDCA296C5AF700CFD152 /* ThirdHomework */,
				9622DDC9296C5AF700CFD152 /* Products */,
			);
			sourceTree = "<group>";
		};
		9622DDC9296C5AF700CFD152 /* Products */ = {
			isa = PBXGroup;
			children = (
				9622DDC8296C5AF700CFD152 /* ThirdHomework.app */,
			);
			name = Products;
			sourceTree = "<group>";
		};
		9622DDCA296C5AF700CFD152 /* ThirdHomework */ = {
			isa = PBXGroup;
			children = (
				9622DDE9296C5C1D00CFD152 /* Screens */,
				9622DDE8296C5C1600CFD152 /* App */,
				9622DDCF296C5AF700CFD152 /* LandingVC.swift */,
				9622DDDF296C5B7000CFD152 /* Landing.storyboard */,
			);
			path = ThirdHomework;
			sourceTree = "<group>";
		};
		9622DDE8296C5C1600CFD152 /* App */ = {
			isa = PBXGroup;
			children = (
				9622DDEE296C5C3C00CFD152 /* Assets */,
				9622DDED296C5C3500CFD152 /* Plist */,
				9622DDEC296C5C2E00CFD152 /* View */,
				9622DDEB296C5C2700CFD152 /* Delegate */,
				9622DDEA296C5C2300CFD152 /* Core */,
			);
			path = App;
			sourceTree = "<group>";
		};
		9622DDE9296C5C1D00CFD152 /* Screens */ = {
			isa = PBXGroup;
			children = (
			);
			path = Screens;
			sourceTree = "<group>";
		};
		9622DDEA296C5C2300CFD152 /* Core */ = {
			isa = PBXGroup;
			children = (
			);
			path = Core;
			sourceTree = "<group>";
		};
		9622DDEB296C5C2700CFD152 /* Delegate */ = {
			isa = PBXGroup;
			children = (
				9622DDCB296C5AF700CFD152 /* AppDelegate.swift */,
			);
			path = Delegate;
			sourceTree = "<group>";
		};
		9622DDEC296C5C2E00CFD152 /* View */ = {
			isa = PBXGroup;
			children = (
				9622DDD6296C5AF800CFD152 /* LaunchScreen.storyboard */,
			);
			path = View;
			sourceTree = "<group>";
		};
		9622DDED296C5C3500CFD152 /* Plist */ = {
			isa = PBXGroup;
			children = (
				9622DDD9296C5AF800CFD152 /* Info.plist */,
			);
			path = Plist;
			sourceTree = "<group>";
		};
		9622DDEE296C5C3C00CFD152 /* Assets */ = {
			isa = PBXGroup;
			children = (
				9622DDD4296C5AF800CFD152 /* Assets.xcassets */,
			);
			path = Assets;
			sourceTree = "<group>";
		};
/* End PBXGroup section */

/* Begin PBXNativeTarget section */
		9622DDC7296C5AF700CFD152 /* ThirdHomework */ = {
			isa = PBXNativeTarget;
			buildConfigurationList = 9622DDDC296C5AF800CFD152 /* Build configuration list for PBXNativeTarget "ThirdHomework" */;
			buildPhases = (
				9622DDC4296C5AF700CFD152 /* Sources */,
				9622DDC5296C5AF700CFD152 /* Frameworks */,
				9622DDC6296C5AF700CFD152 /* Resources */,
			);
			buildRules = (
			);
			dependencies = (
			);
			name = ThirdHomework;
			productName = ThirdHomework;
			productReference = 9622DDC8296C5AF700CFD152 /* ThirdHomework.app */;
			productType = "com.apple.product-type.application";
		};
/* End PBXNativeTarget section */

/* Begin PBXProject section */
		9622DDC0296C5AF700CFD152 /* Project object */ = {
			isa = PBXProject;
			attributes = {
				BuildIndependentTargetsInParallel = 1;
				LastSwiftUpdateCheck = 1420;
				LastUpgradeCheck = 1420;
				TargetAttributes = {
					9622DDC7296C5AF700CFD152 = {
						CreatedOnToolsVersion = 14.2;
					};
				};
			};
			buildConfigurationList = 9622DDC3296C5AF700CFD152 /* Build configuration list for PBXProject "ThirdHomework" */;
			compatibilityVersion = "Xcode 14.0";
			developmentRegion = en;
			hasScannedForEncodings = 0;
			knownRegions = (
				en,
				Base,
			);
			mainGroup = 9622DDBF296C5AF700CFD152;
			productRefGroup = 9622DDC9296C5AF700CFD152 /* Products */;
			projectDirPath = "";
			projectRoot = "";
			targets = (
				9622DDC7296C5AF700CFD152 /* ThirdHomework */,
			);
		};
/* End PBXProject section */

/* Begin PBXResourcesBuildPhase section */
		9622DDC6296C5AF700CFD152 /* Resources */ = {
			isa = PBXResourcesBuildPhase;
			buildActionMask = 2147483647;
			files = (
				9622DDE0296C5B7000CFD152 /* Landing.storyboard in Resources */,
				9622DDD8296C5AF800CFD152 /* LaunchScreen.storyboard in Resources */,
				9622DDD5296C5AF800CFD152 /* Assets.xcassets in Resources */,
			);
			runOnlyForDeploymentPostprocessing = 0;
		};
/* End PBXResourcesBuildPhase section */

/* Begin PBXSourcesBuildPhase section */
		9622DDC4296C5AF700CFD152 /* Sources */ = {
			isa = PBXSourcesBuildPhase;
			buildActionMask = 2147483647;
			files = (
				9622DDD0296C5AF700CFD152 /* LandingVC.swift in Sources */,
				9622DDCC296C5AF700CFD152 /* AppDelegate.swift in Sources */,
			);
			runOnlyForDeploymentPostprocessing = 0;
		};
/* End PBXSourcesBuildPhase section */

/* Begin PBXVariantGroup section */
		9622DDD6296C5AF800CFD152 /* LaunchScreen.storyboard */ = {
			isa = PBXVariantGroup;
			children = (
				9622DDD7296C5AF800CFD152 /* Base */,
			);
			name = LaunchScreen.storyboard;
			sourceTree = "<group>";
		};
/* End PBXVariantGroup section */

/* Begin XCBuildConfiguration section */
		9622DDDA296C5AF800CFD152 /* Debug */ = {
			isa = XCBuildConfiguration;
			buildSettings = {
				ALWAYS_SEARCH_USER_PATHS = NO;
				CLANG_ANALYZER_NONNULL = YES;
				CLANG_ANALYZER_NUMBER_OBJECT_CONVERSION = YES_AGGRESSIVE;
				CLANG_CXX_LANGUAGE_STANDARD = "gnu++20";
				CLANG_ENABLE_MODULES = YES;
				CLANG_ENABLE_OBJC_ARC = YES;
				CLANG_ENABLE_OBJC_WEAK = YES;
				CLANG_WARN_BLOCK_CAPTURE_AUTORELEASING = YES;
				CLANG_WARN_BOOL_CONVERSION = YES;
				CLANG_WARN_COMMA = YES;
				CLANG_WARN_CONSTANT_CONVERSION = YES;
				CLANG_WARN_DEPRECATED_OBJC_IMPLEMENTATIONS = YES;
				CLANG_WARN_DIRECT_OBJC_ISA_USAGE = YES_ERROR;
				CLANG_WARN_DOCUMENTATION_COMMENTS = YES;
				CLANG_WARN_EMPTY_BODY = YES;
				CLANG_WARN_ENUM_CONVERSION = YES;
				CLANG_WARN_INFINITE_RECURSION = YES;
				CLANG_WARN_INT_CONVERSION = YES;
				CLANG_WARN_NON_LITERAL_NULL_CONVERSION = YES;
				CLANG_WARN_OBJC_IMPLICIT_RETAIN_SELF = YES;
				CLANG_WARN_OBJC_LITERAL_CONVERSION = YES;
				CLANG_WARN_OBJC_ROOT_CLASS = YES_ERROR;
				CLANG_WARN_QUOTED_INCLUDE_IN_FRAMEWORK_HEADER = YES;
				CLANG_WARN_RANGE_LOOP_ANALYSIS = YES;
				CLANG_WARN_STRICT_PROTOTYPES = YES;
				CLANG_WARN_SUSPICIOUS_MOVE = YES;
				CLANG_WARN_UNGUARDED_AVAILABILITY = YES_AGGRESSIVE;
				CLANG_WARN_UNREACHABLE_CODE = YES;
				CLANG_WARN__DUPLICATE_METHOD_MATCH = YES;
				COPY_PHASE_STRIP = NO;
				DEBUG_INFORMATION_FORMAT = dwarf;
				ENABLE_STRICT_OBJC_MSGSEND = YES;
				ENABLE_TESTABILITY = YES;
				GCC_C_LANGUAGE_STANDARD = gnu11;
				GCC_DYNAMIC_NO_PIC = NO;
				GCC_NO_COMMON_BLOCKS = YES;
				GCC_OPTIMIZATION_LEVEL = 0;
				GCC_PREPROCESSOR_DEFINITIONS = (
					"DEBUG=1",
					"$(inherited)",
				);
				GCC_WARN_64_TO_32_BIT_CONVERSION = YES;
				GCC_WARN_ABOUT_RETURN_TYPE = YES_ERROR;
				GCC_WARN_UNDECLARED_SELECTOR = YES;
				GCC_WARN_UNINITIALIZED_AUTOS = YES_AGGRESSIVE;
				GCC_WARN_UNUSED_FUNCTION = YES;
				GCC_WARN_UNUSED_VARIABLE = YES;
				IPHONEOS_DEPLOYMENT_TARGET = 16.2;
				MTL_ENABLE_DEBUG_INFO = INCLUDE_SOURCE;
				MTL_FAST_MATH = YES;
				ONLY_ACTIVE_ARCH = YES;
				SDKROOT = iphoneos;
				SWIFT_ACTIVE_COMPILATION_CONDITIONS = DEBUG;
				SWIFT_OPTIMIZATION_LEVEL = "-Onone";
			};
			name = Debug;
		};
		9622DDDB296C5AF800CFD152 /* Release */ = {
			isa = XCBuildConfiguration;
			buildSettings = {
				ALWAYS_SEARCH_USER_PATHS = NO;
				CLANG_ANALYZER_NONNULL = YES;
				CLANG_ANALYZER_NUMBER_OBJECT_CONVERSION = YES_AGGRESSIVE;
				CLANG_CXX_LANGUAGE_STANDARD = "gnu++20";
				CLANG_ENABLE_MODULES = YES;
				CLANG_ENABLE_OBJC_ARC = YES;
				CLANG_ENABLE_OBJC_WEAK = YES;
				CLANG_WARN_BLOCK_CAPTURE_AUTORELEASING = YES;
				CLANG_WARN_BOOL_CONVERSION = YES;
				CLANG_WARN_COMMA = YES;
				CLANG_WARN_CONSTANT_CONVERSION = YES;
				CLANG_WARN_DEPRECATED_OBJC_IMPLEMENTATIONS = YES;
				CLANG_WARN_DIRECT_OBJC_ISA_USAGE = YES_ERROR;
				CLANG_WARN_DOCUMENTATION_COMMENTS = YES;
				CLANG_WARN_EMPTY_BODY = YES;
				CLANG_WARN_ENUM_CONVERSION = YES;
				CLANG_WARN_INFINITE_RECURSION = YES;
				CLANG_WARN_INT_CONVERSION = YES;
				CLANG_WARN_NON_LITERAL_NULL_CONVERSION = YES;
				CLANG_WARN_OBJC_IMPLICIT_RETAIN_SELF = YES;
				CLANG_WARN_OBJC_LITERAL_CONVERSION = YES;
				CLANG_WARN_OBJC_ROOT_CLASS = YES_ERROR;
				CLANG_WARN_QUOTED_INCLUDE_IN_FRAMEWORK_HEADER = YES;
				CLANG_WARN_RANGE_LOOP_ANALYSIS = YES;
				CLANG_WARN_STRICT_PROTOTYPES = YES;
				CLANG_WARN_SUSPICIOUS_MOVE = YES;
				CLANG_WARN_UNGUARDED_AVAILABILITY = YES_AGGRESSIVE;
				CLANG_WARN_UNREACHABLE_CODE = YES;
				CLANG_WARN__DUPLICATE_METHOD_MATCH = YES;
				COPY_PHASE_STRIP = NO;
				DEBUG_INFORMATION_FORMAT = "dwarf-with-dsym";
				ENABLE_NS_ASSERTIONS = NO;
				ENABLE_STRICT_OBJC_MSGSEND = YES;
				GCC_C_LANGUAGE_STANDARD = gnu11;
				GCC_NO_COMMON_BLOCKS = YES;
				GCC_WARN_64_TO_32_BIT_CONVERSION = YES;
				GCC_WARN_ABOUT_RETURN_TYPE = YES_ERROR;
				GCC_WARN_UNDECLARED_SELECTOR = YES;
				GCC_WARN_UNINITIALIZED_AUTOS = YES_AGGRESSIVE;
				GCC_WARN_UNUSED_FUNCTION = YES;
				GCC_WARN_UNUSED_VARIABLE = YES;
				IPHONEOS_DEPLOYMENT_TARGET = 16.2;
				MTL_ENABLE_DEBUG_INFO = NO;
				MTL_FAST_MATH = YES;
				SDKROOT = iphoneos;
				SWIFT_COMPILATION_MODE = wholemodule;
				SWIFT_OPTIMIZATION_LEVEL = "-O";
				VALIDATE_PRODUCT = YES;
			};
			name = Release;
		};
		9622DDDD296C5AF800CFD152 /* Debug */ = {
			isa = XCBuildConfiguration;
			buildSettings = {
				ASSETCATALOG_COMPILER_APPICON_NAME = AppIcon;
				ASSETCATALOG_COMPILER_GLOBAL_ACCENT_COLOR_NAME = AccentColor;
				CODE_SIGN_STYLE = Automatic;
				CURRENT_PROJECT_VERSION = 1;
				DEVELOPMENT_TEAM = GQM8T6BKPB;
				GENERATE_INFOPLIST_FILE = YES;
				INFOPLIST_FILE = ThirdHomework/App/Plist/Info.plist;
				INFOPLIST_KEY_UIApplicationSupportsIndirectInputEvents = YES;
				INFOPLIST_KEY_UILaunchStoryboardName = LaunchScreen;
				INFOPLIST_KEY_UIMainStoryboardFile = Landing;
				INFOPLIST_KEY_UISupportedInterfaceOrientations_iPad = "UIInterfaceOrientationPortrait UIInterfaceOrientationPortraitUpsideDown UIInterfaceOrientationLandscapeLeft UIInterfaceOrientationLandscapeRight";
				INFOPLIST_KEY_UISupportedInterfaceOrientations_iPhone = "UIInterfaceOrientationPortrait UIInterfaceOrientationLandscapeLeft UIInterfaceOrientationLandscapeRight";
				IPHONEOS_DEPLOYMENT_TARGET = 13.0;
				LD_RUNPATH_SEARCH_PATHS = (
					"$(inherited)",
					"@executable_path/Frameworks",
				);
				MARKETING_VERSION = 1.0;
				PRODUCT_BUNDLE_IDENTIFIER = osman.sefa.ibis.ThirdHomework;
				PRODUCT_NAME = "$(TARGET_NAME)";
				SWIFT_EMIT_LOC_STRINGS = YES;
				SWIFT_VERSION = 5.0;
				TARGETED_DEVICE_FAMILY = "1,2";
			};
			name = Debug;
		};
		9622DDDE296C5AF800CFD152 /* Release */ = {
			isa = XCBuildConfiguration;
			buildSettings = {
				ASSETCATALOG_COMPILER_APPICON_NAME = AppIcon;
				ASSETCATALOG_COMPILER_GLOBAL_ACCENT_COLOR_NAME = AccentColor;
				CODE_SIGN_STYLE = Automatic;
				CURRENT_PROJECT_VERSION = 1;
				DEVELOPMENT_TEAM = GQM8T6BKPB;
				GENERATE_INFOPLIST_FILE = YES;
				INFOPLIST_FILE = ThirdHomework/App/Plist/Info.plist;
				INFOPLIST_KEY_UIApplicationSupportsIndirectInputEvents = YES;
				INFOPLIST_KEY_UILaunchStoryboardName = LaunchScreen;
				INFOPLIST_KEY_UIMainStoryboardFile = Landing;
				INFOPLIST_KEY_UISupportedInterfaceOrientations_iPad = "UIInterfaceOrientationPortrait UIInterfaceOrientationPortraitUpsideDown UIInterfaceOrientationLandscapeLeft UIInterfaceOrientationLandscapeRight";
				INFOPLIST_KEY_UISupportedInterfaceOrientations_iPhone = "UIInterfaceOrientationPortrait UIInterfaceOrientationLandscapeLeft UIInterfaceOrientationLandscapeRight";
				IPHONEOS_DEPLOYMENT_TARGET = 13.0;
				LD_RUNPATH_SEARCH_PATHS = (
					"$(inherited)",
					"@executable_path/Frameworks",
				);
				MARKETING_VERSION = 1.0;
				PRODUCT_BUNDLE_IDENTIFIER = osman.sefa.ibis.ThirdHomework;
				PRODUCT_NAME = "$(TARGET_NAME)";
				SWIFT_EMIT_LOC_STRINGS = YES;
				SWIFT_VERSION = 5.0;
				TARGETED_DEVICE_FAMILY = "1,2";
			};
			name = Release;
		};
/* End XCBuildConfiguration section */

/* Begin XCConfigurationList section */
		9622DDC3296C5AF700CFD152 /* Build configuration list for PBXProject "ThirdHomework" */ = {
			isa = XCConfigurationList;
			buildConfigurations = (
				9622DDDA296C5AF800CFD152 /* Debug */,
				9622DDDB296C5AF800CFD152 /* Release */,
			);
			defaultConfigurationIsVisible = 0;
			defaultConfigurationName = Release;
		};
		9622DDDC296C5AF800CFD152 /* Build configuration list for PBXNativeTarget "ThirdHomework" */ = {
			isa = XCConfigurationList;
			buildConfigurations = (
				9622DDDD296C5AF800CFD152 /* Debug */,
				9622DDDE296C5AF800CFD152 /* Release */,
			);
			defaultConfigurationIsVisible = 0;
			defaultConfigurationName = Release;
		};
/* End XCConfigurationList section */
	};
	rootObject = 9622DDC0296C5AF700CFD152 /* Project object */;
}
